dependencies:
- name: crds
  repository: ""
  version: 2.8.0
- name: etcd
  repository: https://charts.bitnami.com/bitnami
  version: 8.6.0
- name: jaeger-operator
  repository: https://jaegertracing.github.io/helm-charts
  version: 2.50.1
- name: loki-stack
  repository: https://grafana.github.io/helm-charts
  version: 2.9.11
- name: nats
  repository: https://nats-io.github.io/k8s/helm/charts/
  version: 0.19.14
- name: localpv-provisioner
  repository: https://openebs.github.io/dynamic-localpv-provisioner
  version: 4.2.0
digest: sha256:25d76b39b6abae0d2fae816169e63d033395c2a87057cfd4fec2521a99f75080
generated: "2025-02-14T14:06:03.269800692Z"
