dependencies:
- name: openebs-crds
  repository: ""
  version: 4.1.0
- name: localpv-provisioner
  repository: https://openebs.github.io/dynamic-localpv-provisioner
  version: 4.1.0
- name: zfs-localpv
  repository: https://openebs.github.io/zfs-localpv
  version: 2.6.0
- name: lvm-localpv
  repository: https://openebs.github.io/lvm-localpv
  version: 1.6.2
- name: mayastor
  repository: https://openebs.github.io/mayastor-extensions
  version: 2.7.0
digest: sha256:aaedb7e2b51090f637707a4b77b4e1b25ac17fa184255425487ec4c8abccb2c5
generated: "2025-02-19T11:09:04.79488763Z"
